
Microsoft Visual Studio Solution File, Format Version 12.00
# Visual Studio Version 17
VisualStudioVersion = 17.11.35327.3
MinimumVisualStudioVersion = 10.0.40219.1
Project("{FAE04EC0-301F-11D3-BF4B-00C04F79EFBC}") = "практика 12 2", "практика 12 2\практика 12 2.csproj", "{70189C1E-F742-4D63-BE54-085C41AB1C0A}"
EndProject
Global
	GlobalSection(SolutionConfigurationPlatforms) = preSolution
		Debug|Any CPU = Debug|Any CPU
		Release|Any CPU = Release|Any CPU
	EndGlobalSection
	GlobalSection(ProjectConfigurationPlatforms) = postSolution
		{70189C1E-F742-4D63-BE54-085C41AB1C0A}.Debug|Any CPU.ActiveCfg = Debug|Any CPU
		{70189C1E-F742-4D63-BE54-085C41AB1C0A}.Debug|Any CPU.Build.0 = Debug|Any CPU
		{70189C1E-F742-4D63-BE54-085C41AB1C0A}.Release|Any CPU.ActiveCfg = Release|Any CPU
		{70189C1E-F742-4D63-BE54-085C41AB1C0A}.Release|Any CPU.Build.0 = Release|Any CPU
	EndGlobalSection
	GlobalSection(SolutionProperties) = preSolution
		HideSolutionNode = FALSE
	EndGlobalSection
	GlobalSection(ExtensibilityGlobals) = postSolution
		SolutionGuid = {BFD1C02F-7E09-4002-8183-9556BBAA4426}
	EndGlobalSection
EndGlobal
