
Microsoft Visual Studio Solution File, Format Version 12.00
# Visual Studio Version 17
VisualStudioVersion = 17.11.35327.3
MinimumVisualStudioVersion = 10.0.40219.1
Project("{FAE04EC0-301F-11D3-BF4B-00C04F79EFBC}") = "практика 12 3", "практика 12 3\практика 12 3.csproj", "{D570F5EB-E7C4-4D19-BD0C-C00492DA61CA}"
EndProject
Global
	GlobalSection(SolutionConfigurationPlatforms) = preSolution
		Debug|Any CPU = Debug|Any CPU
		Release|Any CPU = Release|Any CPU
	EndGlobalSection
	GlobalSection(ProjectConfigurationPlatforms) = postSolution
		{D570F5EB-E7C4-4D19-BD0C-C00492DA61CA}.Debug|Any CPU.ActiveCfg = Debug|Any CPU
		{D570F5EB-E7C4-4D19-BD0C-C00492DA61CA}.Debug|Any CPU.Build.0 = Debug|Any CPU
		{D570F5EB-E7C4-4D19-BD0C-C00492DA61CA}.Release|Any CPU.ActiveCfg = Release|Any CPU
		{D570F5EB-E7C4-4D19-BD0C-C00492DA61CA}.Release|Any CPU.Build.0 = Release|Any CPU
	EndGlobalSection
	GlobalSection(SolutionProperties) = preSolution
		HideSolutionNode = FALSE
	EndGlobalSection
	GlobalSection(ExtensibilityGlobals) = postSolution
		SolutionGuid = {D2EBC5A7-3409-498C-8911-D166E5A0578C}
	EndGlobalSection
EndGlobal
